{
  "name": "August2021",
  "version": "1.0.0",
  "lockfileVersion": 1,
  "requires": true,
  "dependencies": {
    "kaboom": {
      "version": "0.5.1",
      "resolved": "https://registry.npmjs.org/kaboom/-/kaboom-0.5.1.tgz",
      "integrity": "sha512-OgNAQBquC2WQNQAKkOmDclAKJ0zDSqPMEYPF8/QOPlWt42umAO0JI3RSDlGJvg1HQcVIXUxrvPUvmjgTv6c2/A=="
    }
  }
}
